
Microsoft Visual Studio Solution File, Format Version 12.00
# Visual Studio Version 17
VisualStudioVersion = 17.3.32929.385
MinimumVisualStudioVersion = 10.0.40219.1
Project("{FAE04EC0-301F-11D3-BF4B-00C04F79EFBC}") = "QLDSVFPOLY.BUS", "QLDSVFPOLY.BUS\QLDSVFPOLY.BUS.csproj", "{91F65CAB-6294-444F-AA70-FC3CE649B1DE}"
EndProject
Project("{FAE04EC0-301F-11D3-BF4B-00C04F79EFBC}") = "QLDSVFPOLY.DAL", "QLDSVFPOLY.DAL\QLDSVFPOLY.DAL.csproj", "{E5132FEB-05A4-4C5C-985C-A3C6F691F701}"
EndProject
Project("{FAE04EC0-301F-11D3-BF4B-00C04F79EFBC}") = "QLDSVFPOLY.DTO", "QLDSVFPOLY.DTO\QLDSVFPOLY.DTO.csproj", "{FB133CEE-4F6E-48FF-9375-07DC5C008FE4}"
EndProject
Project("{FAE04EC0-301F-11D3-BF4B-00C04F79EFBC}") = "QLDSVFPOLY.Blazor", "QLDSVFPOLY.Blazor\QLDSVFPOLY.Blazor.csproj", "{F6C3CB41-B031-429B-B576-B37D3F8E45D6}"
EndProject
Project("{FAE04EC0-301F-11D3-BF4B-00C04F79EFBC}") = "QLDSVFPOLY.API", "QLDSVFPOLY.API\QLDSVFPOLY.API.csproj", "{452AC2B4-4080-4939-8D86-7C3CFC058E87}"
EndProject
Global
	GlobalSection(SolutionConfigurationPlatforms) = preSolution
		Debug|Any CPU = Debug|Any CPU
		Release|Any CPU = Release|Any CPU
	EndGlobalSection
	GlobalSection(ProjectConfigurationPlatforms) = postSolution
		{91F65CAB-6294-444F-AA70-FC3CE649B1DE}.Debug|Any CPU.ActiveCfg = Debug|Any CPU
		{91F65CAB-6294-444F-AA70-FC3CE649B1DE}.Debug|Any CPU.Build.0 = Debug|Any CPU
		{91F65CAB-6294-444F-AA70-FC3CE649B1DE}.Release|Any CPU.ActiveCfg = Release|Any CPU
		{91F65CAB-6294-444F-AA70-FC3CE649B1DE}.Release|Any CPU.Build.0 = Release|Any CPU
		{E5132FEB-05A4-4C5C-985C-A3C6F691F701}.Debug|Any CPU.ActiveCfg = Debug|Any CPU
		{E5132FEB-05A4-4C5C-985C-A3C6F691F701}.Debug|Any CPU.Build.0 = Debug|Any CPU
		{E5132FEB-05A4-4C5C-985C-A3C6F691F701}.Release|Any CPU.ActiveCfg = Release|Any CPU
		{E5132FEB-05A4-4C5C-985C-A3C6F691F701}.Release|Any CPU.Build.0 = Release|Any CPU
		{FB133CEE-4F6E-48FF-9375-07DC5C008FE4}.Debug|Any CPU.ActiveCfg = Debug|Any CPU
		{FB133CEE-4F6E-48FF-9375-07DC5C008FE4}.Debug|Any CPU.Build.0 = Debug|Any CPU
		{FB133CEE-4F6E-48FF-9375-07DC5C008FE4}.Release|Any CPU.ActiveCfg = Release|Any CPU
		{FB133CEE-4F6E-48FF-9375-07DC5C008FE4}.Release|Any CPU.Build.0 = Release|Any CPU
		{F6C3CB41-B031-429B-B576-B37D3F8E45D6}.Debug|Any CPU.ActiveCfg = Debug|Any CPU
		{F6C3CB41-B031-429B-B576-B37D3F8E45D6}.Debug|Any CPU.Build.0 = Debug|Any CPU
		{F6C3CB41-B031-429B-B576-B37D3F8E45D6}.Release|Any CPU.ActiveCfg = Release|Any CPU
		{F6C3CB41-B031-429B-B576-B37D3F8E45D6}.Release|Any CPU.Build.0 = Release|Any CPU
		{452AC2B4-4080-4939-8D86-7C3CFC058E87}.Debug|Any CPU.ActiveCfg = Debug|Any CPU
		{452AC2B4-4080-4939-8D86-7C3CFC058E87}.Debug|Any CPU.Build.0 = Debug|Any CPU
		{452AC2B4-4080-4939-8D86-7C3CFC058E87}.Release|Any CPU.ActiveCfg = Release|Any CPU
		{452AC2B4-4080-4939-8D86-7C3CFC058E87}.Release|Any CPU.Build.0 = Release|Any CPU
	EndGlobalSection
	GlobalSection(SolutionProperties) = preSolution
		HideSolutionNode = FALSE
	EndGlobalSection
	GlobalSection(ExtensibilityGlobals) = postSolution
		SolutionGuid = {753C5964-FCFF-4659-B674-E17D35BCE7F4}
	EndGlobalSection
EndGlobal
