
Microsoft Visual Studio Solution File, Format Version 12.00
# Visual Studio Version 17
VisualStudioVersion = 17.3.32929.385
MinimumVisualStudioVersion = 10.0.40219.1
Project("{9A19103F-16F7-4668-BE54-9A1E7A4F7556}") = "QLDSVFPOLY.BUS", "QLDSVFPOLY.BUS\QLDSVFPOLY.BUS.csproj", "{91F65CAB-6294-444F-AA70-FC3CE649B1DE}"
EndProject
Project("{9A19103F-16F7-4668-BE54-9A1E7A4F7556}") = "QLDSVFPOLY.DAL", "QLDSVFPOLY.DAL\QLDSVFPOLY.DAL.csproj", "{E5132FEB-05A4-4C5C-985C-A3C6F691F701}"
EndProject
Project("{9A19103F-16F7-4668-BE54-9A1E7A4F7556}") = "QLDSVFPOLY.Blazor", "QLDSVFPOLY.Blazor\QLDSVFPOLY.Blazor.csproj", "{F6C3CB41-B031-429B-B576-B37D3F8E45D6}"
EndProject
Project("{9A19103F-16F7-4668-BE54-9A1E7A4F7556}") = "QLDSVFPOLY.API", "QLDSVFPOLY.API\QLDSVFPOLY.API.csproj", "{452AC2B4-4080-4939-8D86-7C3CFC058E87}"
	ProjectSection(ProjectDependencies) = postProject
		{91F65CAB-6294-444F-AA70-FC3CE649B1DE} = {91F65CAB-6294-444F-AA70-FC3CE649B1DE}
	EndProjectSection
EndProject
Project("{2150E333-8FDC-42A3-9474-1A3956D46DE8}") = "Server", "Server", "{4F811A5E-0327-4872-B669-1AE9F856E263}"
	ProjectSection(SolutionItems) = preProject
		changelog.txt = changelog.txt
	EndProjectSection
EndProject
Global
	GlobalSection(SolutionConfigurationPlatforms) = preSolution
		Debug|Any CPU = Debug|Any CPU
		Release|Any CPU = Release|Any CPU
	EndGlobalSection
	GlobalSection(ProjectConfigurationPlatforms) = postSolution
		{91F65CAB-6294-444F-AA70-FC3CE649B1DE}.Debug|Any CPU.ActiveCfg = Debug|Any CPU
		{91F65CAB-6294-444F-AA70-FC3CE649B1DE}.Debug|Any CPU.Build.0 = Debug|Any CPU
		{91F65CAB-6294-444F-AA70-FC3CE649B1DE}.Release|Any CPU.ActiveCfg = Release|Any CPU
		{91F65CAB-6294-444F-AA70-FC3CE649B1DE}.Release|Any CPU.Build.0 = Release|Any CPU
		{E5132FEB-05A4-4C5C-985C-A3C6F691F701}.Debug|Any CPU.ActiveCfg = Debug|Any CPU
		{E5132FEB-05A4-4C5C-985C-A3C6F691F701}.Debug|Any CPU.Build.0 = Debug|Any CPU
		{E5132FEB-05A4-4C5C-985C-A3C6F691F701}.Release|Any CPU.ActiveCfg = Release|Any CPU
		{E5132FEB-05A4-4C5C-985C-A3C6F691F701}.Release|Any CPU.Build.0 = Release|Any CPU
		{F6C3CB41-B031-429B-B576-B37D3F8E45D6}.Debug|Any CPU.ActiveCfg = Debug|Any CPU
		{F6C3CB41-B031-429B-B576-B37D3F8E45D6}.Debug|Any CPU.Build.0 = Debug|Any CPU
		{F6C3CB41-B031-429B-B576-B37D3F8E45D6}.Release|Any CPU.ActiveCfg = Release|Any CPU
		{F6C3CB41-B031-429B-B576-B37D3F8E45D6}.Release|Any CPU.Build.0 = Release|Any CPU
		{452AC2B4-4080-4939-8D86-7C3CFC058E87}.Debug|Any CPU.ActiveCfg = Debug|Any CPU
		{452AC2B4-4080-4939-8D86-7C3CFC058E87}.Debug|Any CPU.Build.0 = Debug|Any CPU
		{452AC2B4-4080-4939-8D86-7C3CFC058E87}.Release|Any CPU.ActiveCfg = Release|Any CPU
		{452AC2B4-4080-4939-8D86-7C3CFC058E87}.Release|Any CPU.Build.0 = Release|Any CPU
	EndGlobalSection
	GlobalSection(SolutionProperties) = preSolution
		HideSolutionNode = FALSE
	EndGlobalSection
	GlobalSection(NestedProjects) = preSolution
		{91F65CAB-6294-444F-AA70-FC3CE649B1DE} = {4F811A5E-0327-4872-B669-1AE9F856E263}
		{E5132FEB-05A4-4C5C-985C-A3C6F691F701} = {4F811A5E-0327-4872-B669-1AE9F856E263}
		{452AC2B4-4080-4939-8D86-7C3CFC058E87} = {4F811A5E-0327-4872-B669-1AE9F856E263}
	EndGlobalSection
	GlobalSection(ExtensibilityGlobals) = postSolution
		SolutionGuid = {753C5964-FCFF-4659-B674-E17D35BCE7F4}
	EndGlobalSection
EndGlobal
